
Microsoft Visual Studio Solution File, Format Version 12.00
# Visual Studio Version 16
VisualStudioVersion = 16.0.30413.136
MinimumVisualStudioVersion = 10.0.40219.1
Project("{9A19103F-16F7-4668-BE54-9A1E7A4F7556}") = "EncryptionAPI", "EncryptionAPI\EncryptionAPI.csproj", "{49ABBFD3-9044-466C-9ADC-5078AC4CBE76}"
EndProject
Project("{FAE04EC0-301F-11D3-BF4B-00C04F79EFBC}") = "EncryptionController", "EncryptionController\EncryptionController.csproj", "{10423BC0-EE76-4DF4-8AA1-B00221C96154}"
EndProject
Global
	GlobalSection(SolutionConfigurationPlatforms) = preSolution
		Debug|Any CPU = Debug|Any CPU
		Release|Any CPU = Release|Any CPU
	EndGlobalSection
	GlobalSection(ProjectConfigurationPlatforms) = postSolution
		{49ABBFD3-9044-466C-9ADC-5078AC4CBE76}.Debug|Any CPU.ActiveCfg = Debug|Any CPU
		{49ABBFD3-9044-466C-9ADC-5078AC4CBE76}.Debug|Any CPU.Build.0 = Debug|Any CPU
		{49ABBFD3-9044-466C-9ADC-5078AC4CBE76}.Release|Any CPU.ActiveCfg = Release|Any CPU
		{49ABBFD3-9044-466C-9ADC-5078AC4CBE76}.Release|Any CPU.Build.0 = Release|Any CPU
		{10423BC0-EE76-4DF4-8AA1-B00221C96154}.Debug|Any CPU.ActiveCfg = Debug|Any CPU
		{10423BC0-EE76-4DF4-8AA1-B00221C96154}.Debug|Any CPU.Build.0 = Debug|Any CPU
		{10423BC0-EE76-4DF4-8AA1-B00221C96154}.Release|Any CPU.ActiveCfg = Release|Any CPU
		{10423BC0-EE76-4DF4-8AA1-B00221C96154}.Release|Any CPU.Build.0 = Release|Any CPU
	EndGlobalSection
	GlobalSection(SolutionProperties) = preSolution
		HideSolutionNode = FALSE
	EndGlobalSection
	GlobalSection(ExtensibilityGlobals) = postSolution
		SolutionGuid = {5DFE4E24-D2B4-49C2-96C2-AB2B3E5BD9A0}
	EndGlobalSection
EndGlobal
